
Microsoft Visual Studio Solution File, Format Version 12.00
# Visual Studio Version 17
VisualStudioVersion = 17.5.33530.505
MinimumVisualStudioVersion = 10.0.40219.1
Project("{2150E333-8FDC-42A3-9474-1A3956D46DE8}") = "src", "src", "{D2B973DE-1052-4F0A-A42F-AD760C2E29A4}"
EndProject
Project("{2150E333-8FDC-42A3-9474-1A3956D46DE8}") = "test", "test", "{38223019-B684-4731-B04E-F8ADDA35F669}"
EndProject
Project("{2150E333-8FDC-42A3-9474-1A3956D46DE8}") = "API", "API", "{69D1072F-480A-46C4-9DBB-545A3CC8FE2B}"
EndProject
Project("{2150E333-8FDC-42A3-9474-1A3956D46DE8}") = "Infrastructure", "Infrastructure", "{7F69AEFC-5A2C-4DED-9009-750E160E39D5}"
EndProject
Project("{2150E333-8FDC-42A3-9474-1A3956D46DE8}") = "Core", "Core", "{10D7273D-848C-4BE1-9A8E-F58FF6E8FE1C}"
EndProject
Project("{2150E333-8FDC-42A3-9474-1A3956D46DE8}") = "UI", "UI", "{98D63647-63E1-465C-BB10-D087972B400A}"
EndProject
Project("{9A19103F-16F7-4668-BE54-9A1E7A4F7556}") = "HR.LeaveManagement.Domain", "HR.LeaveManagement.Domain\HR.LeaveManagement.Domain.csproj", "{EB28ED33-6521-4291-BAC2-9BE58E5E39E1}"
EndProject
Project("{9A19103F-16F7-4668-BE54-9A1E7A4F7556}") = "HR.LeaveManagement.Application", "HR.LeaveManagement.Application\HR.LeaveManagement.Application.csproj", "{0EC81036-D6C0-428C-9AA3-FCC98D31E478}"
EndProject
Project("{9A19103F-16F7-4668-BE54-9A1E7A4F7556}") = "HR.LeaveManagement.Persistence", "HR.LeaveManagement.Persistence\HR.LeaveManagement.Persistence.csproj", "{B0EA8E81-E435-4D1C-8552-6C4AB47AC813}"
EndProject
Project("{9A19103F-16F7-4668-BE54-9A1E7A4F7556}") = "HR.LeaveManagement.Infrastructure", "HR.LeaveManagement.Infrastructure\HR.LeaveManagement.Infrastructure.csproj", "{F43F49BD-EF08-46B0-AA8A-2BCB0F763170}"
EndProject
Project("{9A19103F-16F7-4668-BE54-9A1E7A4F7556}") = "HR.LeaveManagement.Api", "HR.LeaveManagement.Api\HR.LeaveManagement.Api.csproj", "{B96325D7-3229-4806-881A-6A6507A06AB6}"
EndProject
Project("{FAE04EC0-301F-11D3-BF4B-00C04F79EFBC}") = "HR.LeaveManagement.UnitTest", "HR.LeaveManagement.UnitTest\HR.LeaveManagement.UnitTest.csproj", "{D02CCAE6-03C0-42C9-8CEF-47FB256EAC78}"
EndProject
Project("{FAE04EC0-301F-11D3-BF4B-00C04F79EFBC}") = "HR.LeaveManagement.IntegrationTest", "HR.LeaveManagement.IntegrationTest\HR.LeaveManagement.IntegrationTest.csproj", "{EF942674-7188-4CC6-ADCA-39C1FE7083CD}"
EndProject
Project("{FAE04EC0-301F-11D3-BF4B-00C04F79EFBC}") = "HR.LeaveManagement.BlazorUI", "HR.LeaveManagement.BlazorUI\HR.LeaveManagement.BlazorUI.csproj", "{16E66195-C8FA-4D78-B74C-E6B07E442A83}"
EndProject
Global
	GlobalSection(SolutionConfigurationPlatforms) = preSolution
		Debug|Any CPU = Debug|Any CPU
		Release|Any CPU = Release|Any CPU
	EndGlobalSection
	GlobalSection(ProjectConfigurationPlatforms) = postSolution
		{EB28ED33-6521-4291-BAC2-9BE58E5E39E1}.Debug|Any CPU.ActiveCfg = Debug|Any CPU
		{EB28ED33-6521-4291-BAC2-9BE58E5E39E1}.Debug|Any CPU.Build.0 = Debug|Any CPU
		{EB28ED33-6521-4291-BAC2-9BE58E5E39E1}.Release|Any CPU.ActiveCfg = Release|Any CPU
		{EB28ED33-6521-4291-BAC2-9BE58E5E39E1}.Release|Any CPU.Build.0 = Release|Any CPU
		{0EC81036-D6C0-428C-9AA3-FCC98D31E478}.Debug|Any CPU.ActiveCfg = Debug|Any CPU
		{0EC81036-D6C0-428C-9AA3-FCC98D31E478}.Debug|Any CPU.Build.0 = Debug|Any CPU
		{0EC81036-D6C0-428C-9AA3-FCC98D31E478}.Release|Any CPU.ActiveCfg = Release|Any CPU
		{0EC81036-D6C0-428C-9AA3-FCC98D31E478}.Release|Any CPU.Build.0 = Release|Any CPU
		{B0EA8E81-E435-4D1C-8552-6C4AB47AC813}.Debug|Any CPU.ActiveCfg = Debug|Any CPU
		{B0EA8E81-E435-4D1C-8552-6C4AB47AC813}.Debug|Any CPU.Build.0 = Debug|Any CPU
		{B0EA8E81-E435-4D1C-8552-6C4AB47AC813}.Release|Any CPU.ActiveCfg = Release|Any CPU
		{B0EA8E81-E435-4D1C-8552-6C4AB47AC813}.Release|Any CPU.Build.0 = Release|Any CPU
		{F43F49BD-EF08-46B0-AA8A-2BCB0F763170}.Debug|Any CPU.ActiveCfg = Debug|Any CPU
		{F43F49BD-EF08-46B0-AA8A-2BCB0F763170}.Debug|Any CPU.Build.0 = Debug|Any CPU
		{F43F49BD-EF08-46B0-AA8A-2BCB0F763170}.Release|Any CPU.ActiveCfg = Release|Any CPU
		{F43F49BD-EF08-46B0-AA8A-2BCB0F763170}.Release|Any CPU.Build.0 = Release|Any CPU
		{B96325D7-3229-4806-881A-6A6507A06AB6}.Debug|Any CPU.ActiveCfg = Debug|Any CPU
		{B96325D7-3229-4806-881A-6A6507A06AB6}.Debug|Any CPU.Build.0 = Debug|Any CPU
		{B96325D7-3229-4806-881A-6A6507A06AB6}.Release|Any CPU.ActiveCfg = Release|Any CPU
		{B96325D7-3229-4806-881A-6A6507A06AB6}.Release|Any CPU.Build.0 = Release|Any CPU
		{D02CCAE6-03C0-42C9-8CEF-47FB256EAC78}.Debug|Any CPU.ActiveCfg = Debug|Any CPU
		{D02CCAE6-03C0-42C9-8CEF-47FB256EAC78}.Debug|Any CPU.Build.0 = Debug|Any CPU
		{D02CCAE6-03C0-42C9-8CEF-47FB256EAC78}.Release|Any CPU.ActiveCfg = Release|Any CPU
		{D02CCAE6-03C0-42C9-8CEF-47FB256EAC78}.Release|Any CPU.Build.0 = Release|Any CPU
		{EF942674-7188-4CC6-ADCA-39C1FE7083CD}.Debug|Any CPU.ActiveCfg = Debug|Any CPU
		{EF942674-7188-4CC6-ADCA-39C1FE7083CD}.Debug|Any CPU.Build.0 = Debug|Any CPU
		{EF942674-7188-4CC6-ADCA-39C1FE7083CD}.Release|Any CPU.ActiveCfg = Release|Any CPU
		{EF942674-7188-4CC6-ADCA-39C1FE7083CD}.Release|Any CPU.Build.0 = Release|Any CPU
		{16E66195-C8FA-4D78-B74C-E6B07E442A83}.Debug|Any CPU.ActiveCfg = Debug|Any CPU
		{16E66195-C8FA-4D78-B74C-E6B07E442A83}.Debug|Any CPU.Build.0 = Debug|Any CPU
		{16E66195-C8FA-4D78-B74C-E6B07E442A83}.Release|Any CPU.ActiveCfg = Release|Any CPU
		{16E66195-C8FA-4D78-B74C-E6B07E442A83}.Release|Any CPU.Build.0 = Release|Any CPU
	EndGlobalSection
	GlobalSection(SolutionProperties) = preSolution
		HideSolutionNode = FALSE
	EndGlobalSection
	GlobalSection(NestedProjects) = preSolution
		{69D1072F-480A-46C4-9DBB-545A3CC8FE2B} = {D2B973DE-1052-4F0A-A42F-AD760C2E29A4}
		{7F69AEFC-5A2C-4DED-9009-750E160E39D5} = {D2B973DE-1052-4F0A-A42F-AD760C2E29A4}
		{10D7273D-848C-4BE1-9A8E-F58FF6E8FE1C} = {D2B973DE-1052-4F0A-A42F-AD760C2E29A4}
		{98D63647-63E1-465C-BB10-D087972B400A} = {D2B973DE-1052-4F0A-A42F-AD760C2E29A4}
		{EB28ED33-6521-4291-BAC2-9BE58E5E39E1} = {10D7273D-848C-4BE1-9A8E-F58FF6E8FE1C}
		{0EC81036-D6C0-428C-9AA3-FCC98D31E478} = {10D7273D-848C-4BE1-9A8E-F58FF6E8FE1C}
		{B0EA8E81-E435-4D1C-8552-6C4AB47AC813} = {7F69AEFC-5A2C-4DED-9009-750E160E39D5}
		{F43F49BD-EF08-46B0-AA8A-2BCB0F763170} = {7F69AEFC-5A2C-4DED-9009-750E160E39D5}
		{B96325D7-3229-4806-881A-6A6507A06AB6} = {69D1072F-480A-46C4-9DBB-545A3CC8FE2B}
		{D02CCAE6-03C0-42C9-8CEF-47FB256EAC78} = {38223019-B684-4731-B04E-F8ADDA35F669}
		{EF942674-7188-4CC6-ADCA-39C1FE7083CD} = {38223019-B684-4731-B04E-F8ADDA35F669}
		{16E66195-C8FA-4D78-B74C-E6B07E442A83} = {98D63647-63E1-465C-BB10-D087972B400A}
	EndGlobalSection
	GlobalSection(ExtensibilityGlobals) = postSolution
		SolutionGuid = {CBB20EC3-1D9C-4CB6-ADFD-BFA1F461E076}
	EndGlobalSection
EndGlobal
